
Microsoft Visual Studio Solution File, Format Version 12.00
# Visual Studio 15
VisualStudioVersion = 15.0.27004.2005
MinimumVisualStudioVersion = 10.0.40219.1
Project("{8BC9CEB8-8B4A-11D0-8D11-00A0C91BC942}") = "INOOP4", "INOOP4\INOOP4.vcxproj", "{B1864909-6B39-44AB-8B05-3F27D21ED98E}"
EndProject
Global
	GlobalSection(SolutionConfigurationPlatforms) = preSolution
		Debug|x64 = Debug|x64
		Debug|x86 = Debug|x86
		Release|x64 = Release|x64
		Release|x86 = Release|x86
	EndGlobalSection
	GlobalSection(ProjectConfigurationPlatforms) = postSolution
		{B1864909-6B39-44AB-8B05-3F27D21ED98E}.Debug|x64.ActiveCfg = Debug|x64
		{B1864909-6B39-44AB-8B05-3F27D21ED98E}.Debug|x64.Build.0 = Debug|x64
		{B1864909-6B39-44AB-8B05-3F27D21ED98E}.Debug|x86.ActiveCfg = Debug|Win32
		{B1864909-6B39-44AB-8B05-3F27D21ED98E}.Debug|x86.Build.0 = Debug|Win32
		{B1864909-6B39-44AB-8B05-3F27D21ED98E}.Release|x64.ActiveCfg = Release|x64
		{B1864909-6B39-44AB-8B05-3F27D21ED98E}.Release|x64.Build.0 = Release|x64
		{B1864909-6B39-44AB-8B05-3F27D21ED98E}.Release|x86.ActiveCfg = Release|Win32
		{B1864909-6B39-44AB-8B05-3F27D21ED98E}.Release|x86.Build.0 = Release|Win32
	EndGlobalSection
	GlobalSection(SolutionProperties) = preSolution
		HideSolutionNode = FALSE
	EndGlobalSection
	GlobalSection(ExtensibilityGlobals) = postSolution
		SolutionGuid = {309CBA3B-5A4D-4B49-88CA-F1CB46D8D3BB}
	EndGlobalSection
EndGlobal
